
Microsoft Visual Studio Solution File, Format Version 12.00
# Visual Studio Version 17
VisualStudioVersion = 17.9.34723.18
MinimumVisualStudioVersion = 10.0.40219.1
Project("{FAE04EC0-301F-11D3-BF4B-00C04F79EFBC}") = "mssm", "mssm\mssm.csproj", "{8FAF0247-FF78-4AB9-8C63-87068777B034}"
EndProject
Global
	GlobalSection(SolutionConfigurationPlatforms) = preSolution
		Debug|Any CPU = Debug|Any CPU
		Release|Any CPU = Release|Any CPU
	EndGlobalSection
	GlobalSection(ProjectConfigurationPlatforms) = postSolution
		{8FAF0247-FF78-4AB9-8C63-87068777B034}.Debug|Any CPU.ActiveCfg = Debug|Any CPU
		{8FAF0247-FF78-4AB9-8C63-87068777B034}.Debug|Any CPU.Build.0 = Debug|Any CPU
		{8FAF0247-FF78-4AB9-8C63-87068777B034}.Release|Any CPU.ActiveCfg = Release|Any CPU
		{8FAF0247-FF78-4AB9-8C63-87068777B034}.Release|Any CPU.Build.0 = Release|Any CPU
	EndGlobalSection
	GlobalSection(SolutionProperties) = preSolution
		HideSolutionNode = FALSE
	EndGlobalSection
	GlobalSection(ExtensibilityGlobals) = postSolution
		SolutionGuid = {51DC9819-E51C-4C63-89F0-FCCDF09EB31B}
	EndGlobalSection
EndGlobal
